
Microsoft Visual Studio Solution File, Format Version 12.00
# Visual Studio Version 16
VisualStudioVersion = 16.0.29911.84
MinimumVisualStudioVersion = 10.0.40219.1
Project("{FAE04EC0-301F-11D3-BF4B-00C04F79EFBC}") = "MonarcaAcademy", "MonarcaAcademy\MonarcaAcademy.csproj", "{008DFDEC-C0A7-491D-97B5-9D7BDC699D98}"
EndProject
Global
	GlobalSection(SolutionConfigurationPlatforms) = preSolution
		Debug|Any CPU = Debug|Any CPU
		Release|Any CPU = Release|Any CPU
	EndGlobalSection
	GlobalSection(ProjectConfigurationPlatforms) = postSolution
		{008DFDEC-C0A7-491D-97B5-9D7BDC699D98}.Debug|Any CPU.ActiveCfg = Debug|Any CPU
		{008DFDEC-C0A7-491D-97B5-9D7BDC699D98}.Debug|Any CPU.Build.0 = Debug|Any CPU
		{008DFDEC-C0A7-491D-97B5-9D7BDC699D98}.Release|Any CPU.ActiveCfg = Release|Any CPU
		{008DFDEC-C0A7-491D-97B5-9D7BDC699D98}.Release|Any CPU.Build.0 = Release|Any CPU
	EndGlobalSection
	GlobalSection(SolutionProperties) = preSolution
		HideSolutionNode = FALSE
	EndGlobalSection
	GlobalSection(ExtensibilityGlobals) = postSolution
		SolutionGuid = {63037342-2CDA-4F4D-9EA0-3EBBF9DE7D73}
	EndGlobalSection
EndGlobal
